PODS:
  - boost-for-react-native (1.63.0)
  - BugsnagReactNative (7.9.5):
    - React
  - BVLinearGradient (2.5.6):
    - React
  - CocoaAsyncSocket (7.6.5)
  - Crashlytics (3.14.0):
    - Fabric (~> 1.10.2)
  - DoubleConversion (1.1.6)
  - Fabric (1.10.2)
  - FBLazyVector (0.63.3)
  - FBReactNativeSpec (0.63.3):
    - Folly (= 2020.01.13.00)
    - RCTRequired (= 0.63.3)
    - RCTTypeSafety (= 0.63.3)
    - React-Core (= 0.63.3)
    - React-jsi (= 0.63.3)
    - ReactCommon/turbomodule/core (= 0.63.3)
  - FBSDKCoreKit (8.2.0):
    - FBSDKCoreKit/Basics (= 8.2.0)
    - FBSDKCoreKit/Core (= 8.2.0)
  - FBSDKCoreKit/Basics (8.2.0)
  - FBSDKCoreKit/Core (8.2.0):
    - FBSDKCoreKit/Basics
  - FBSDKLoginKit (8.2.0):
    - FBSDKLoginKit/Login (= 8.2.0)
  - FBSDKLoginKit/Login (8.2.0):
    - FBSDKCoreKit (~> 8.2.0)
  - FBSDKShareKit (8.2.0):
    - FBSDKShareKit/Share (= 8.2.0)
  - FBSDKShareKit/Share (8.2.0):
    - FBSDKCoreKit (~> 8.2.0)
  - Firebase/Analytics (6.28.1):
    - Firebase/Core
  - Firebase/Core (6.28.1):
    - Firebase/CoreOnly
    - FirebaseAnalytics (= 6.6.2)
  - Firebase/CoreOnly (6.28.1):
    - FirebaseCore (= 6.9.1)
  - Firebase/DynamicLinks (6.28.1):
    - Firebase/CoreOnly
    - FirebaseDynamicLinks (~> 4.2.0)
  - Firebase/Messaging (6.28.1):
    - Firebase/CoreOnly
    - FirebaseMessaging (~> 4.6.0)
  - Firebase/MLVision (6.28.1):
    - Firebase/CoreOnly
    - FirebaseMLVision (~> 0.21.0)
  - Firebase/MLVisionFaceModel (6.28.1):
    - Firebase/CoreOnly
    - FirebaseMLVisionFaceModel (~> 0.21.0)
  - Firebase/MLVisionTextModel (6.28.1):
    - Firebase/CoreOnly
    - FirebaseMLVisionTextModel (~> 0.21.0)
  - Firebase/Performance (6.28.1):
    - Firebase/CoreOnly
    - FirebasePerformance (~> 3.2.0)
  - FirebaseABTesting (4.1.0):
    - FirebaseCore (~> 6.8)
  - FirebaseAnalytics (6.6.2):
    - FirebaseCore (~> 6.8)
    - FirebaseInstallations (~> 1.4)
    - GoogleAppMeasurement (= 6.6.2)
    - GoogleUtilities/AppDelegateSwizzler (~> 6.0)
    - GoogleUtilities/MethodSwizzler (~> 6.0)
    - GoogleUtilities/Network (~> 6.0)
    - "GoogleUtilities/NSData+zlib (~> 6.0)"
    - nanopb (~> 1.30905.0)
  - FirebaseCore (6.9.1):
    - FirebaseCoreDiagnostics (~> 1.3)
    - GoogleUtilities/Environment (~> 6.7)
    - GoogleUtilities/Logger (~> 6.7)
  - FirebaseCoreDiagnostics (1.5.0):
    - GoogleDataTransport (~> 7.0)
    - GoogleUtilities/Environment (~> 6.7)
    - GoogleUtilities/Logger (~> 6.7)
    - nanopb (~> 1.30905.0)
  - FirebaseDynamicLinks (4.2.0):
    - FirebaseCore (~> 6.8)
  - FirebaseInstallations (1.5.0):
    - FirebaseCore (~> 6.8)
    - GoogleUtilities/Environment (~> 6.7)
    - GoogleUtilities/UserDefaults (~> 6.7)
    - PromisesObjC (~> 1.2)
  - FirebaseInstanceID (4.5.1):
    - FirebaseCore (~> 6.8)
    - FirebaseInstallations (~> 1.0)
    - GoogleUtilities/Environment (~> 6.7)
    - GoogleUtilities/UserDefaults (~> 6.7)
  - FirebaseMessaging (4.6.1):
    - FirebaseCore (~> 6.8)
    - FirebaseInstanceID (~> 4.3)
    - GoogleUtilities/AppDelegateSwizzler (~> 6.7)
    - GoogleUtilities/Environment (~> 6.7)
    - GoogleUtilities/Reachability (~> 6.7)
    - GoogleUtilities/UserDefaults (~> 6.7)
    - Protobuf (>= 3.9.2, ~> 3.9)
  - FirebaseMLCommon (0.21.0):
    - FirebaseCore (~> 6.9)
    - FirebaseInstallations (~> 1.5)
    - GoogleToolboxForMac/Logger (~> 2.1)
    - "GoogleToolboxForMac/NSData+zlib (~> 2.1)"
    - "GoogleToolboxForMac/NSDictionary+URLArguments (~> 2.1)"
    - GoogleUtilities/UserDefaults (~> 6.0)
    - GTMSessionFetcher/Core (~> 1.1)
    - Protobuf (~> 3.12)
  - FirebaseMLVision (0.21.0):
    - FirebaseCore (~> 6.9)
    - FirebaseMLCommon (~> 0.21)
    - GoogleAPIClientForREST/Core (~> 1.3)
    - GoogleAPIClientForREST/Vision (~> 1.3)
    - GoogleToolboxForMac/Logger (~> 2.1)
    - "GoogleToolboxForMac/NSData+zlib (~> 2.1)"
    - GTMSessionFetcher/Core (~> 1.1)
    - Protobuf (~> 3.12)
  - FirebaseMLVisionFaceModel (0.21.0):
    - FirebaseMLVision (~> 0.21)
  - FirebaseMLVisionTextModel (0.21.0):
    - FirebaseMLVision (~> 0.21)
  - FirebasePerformance (3.2.1):
    - FirebaseCore (~> 6.9)
    - FirebaseInstallations (~> 1.5)
    - FirebaseRemoteConfig (~> 4.7)
    - GoogleToolboxForMac/Logger (~> 2.1)
    - "GoogleToolboxForMac/NSData+zlib (~> 2.1)"
    - GoogleUtilities/Environment (~> 6.2)
    - GoogleUtilities/ISASwizzler (~> 6.2)
    - GoogleUtilities/MethodSwizzler (~> 6.2)
    - GTMSessionFetcher/Core (~> 1.1)
    - Protobuf (~> 3.12)
  - FirebaseRemoteConfig (4.8.0):
    - FirebaseABTesting (~> 4.1)
    - FirebaseCore (~> 6.8)
    - FirebaseInstallations (~> 1.1)
    - GoogleUtilities/Environment (~> 6.7)
    - "GoogleUtilities/NSData+zlib (~> 6.7)"
  - Flipper (0.91.1):
    - Flipper-Folly (~> 2.6)
    - Flipper-RSocket (~> 1.4)
  - Flipper-Boost-iOSX (1.76.0.1.11)
  - Flipper-DoubleConversion (1.1.7)
  - Flipper-Fmt (7.1.7)
  - Flipper-Folly (2.6.7):
    - Flipper-Boost-iOSX
    - Flipper-DoubleConversion
    - Flipper-Fmt (= 7.1.7)
    - Flipper-Glog
    - libevent (~> 2.1.12)
    - OpenSSL-Universal (= 1.1.180)
  - Flipper-Glog (0.3.6)
  - Flipper-PeerTalk (0.0.4)
  - Flipper-RSocket (1.4.3):
    - Flipper-Folly (~> 2.6)
  - FlipperKit (0.91.1):
    - FlipperKit/Core (= 0.91.1)
  - FlipperKit/Core (0.91.1):
    - Flipper (~> 0.91.1)
    - FlipperKit/CppBridge
    - FlipperKit/FBCxxFollyDynamicConvert
    - FlipperKit/FBDefines
    - FlipperKit/FKPortForwarding
  - FlipperKit/CppBridge (0.91.1):
    - Flipper (~> 0.91.1)
  - FlipperKit/FBCxxFollyDynamicConvert (0.91.1):
    - Flipper-Folly (~> 2.6)
  - FlipperKit/FBDefines (0.91.1)
  - FlipperKit/FKPortForwarding (0.91.1):
    - CocoaAsyncSocket (~> 7.6)
    - Flipper-PeerTalk (~> 0.0.4)
  - FlipperKit/FlipperKitHighlightOverlay (0.91.1)
  - FlipperKit/FlipperKitLayoutHelpers (0.91.1):
    - FlipperKit/Core
    - FlipperKit/FlipperKitHighlightOverlay
    - FlipperKit/FlipperKitLayoutTextSearchable
  - FlipperKit/FlipperKitLayoutIOSDescriptors (0.91.1):
    - FlipperKit/Core
    - FlipperKit/FlipperKitHighlightOverlay
    - FlipperKit/FlipperKitLayoutHelpers
    - YogaKit (~> 1.18)
  - FlipperKit/FlipperKitLayoutPlugin (0.91.1):
    - FlipperKit/Core
    - FlipperKit/FlipperKitHighlightOverlay
    - FlipperKit/FlipperKitLayoutHelpers
    - FlipperKit/FlipperKitLayoutIOSDescriptors
    - FlipperKit/FlipperKitLayoutTextSearchable
    - YogaKit (~> 1.18)
  - FlipperKit/FlipperKitLayoutTextSearchable (0.91.1)
  - FlipperKit/FlipperKitNetworkPlugin (0.91.1):
    - FlipperKit/Core
  - FlipperKit/FlipperKitReactPlugin (0.91.1):
    - FlipperKit/Core
  - FlipperKit/FlipperKitUserDefaultsPlugin (0.91.1):
    - FlipperKit/Core
  - FlipperKit/SKIOSNetworkPlugin (0.91.1):
    - FlipperKit/Core
    - FlipperKit/FlipperKitNetworkPlugin
  - Folly (2020.01.13.00):
    - boost-for-react-native
    - DoubleConversion
    - Folly/Default (= 2020.01.13.00)
    - glog
  - Folly/Default (2020.01.13.00):
    - boost-for-react-native
    - DoubleConversion
    - glog
  - glog (0.3.5)
  - GoogleAPIClientForREST/Core (1.5.2):
    - GTMSessionFetcher (>= 1.1.7)
  - GoogleAPIClientForREST/Vision (1.5.2):
    - GoogleAPIClientForREST/Core
    - GTMSessionFetcher (>= 1.1.7)
  - GoogleAppMeasurement (6.6.2):
    - GoogleUtilities/AppDelegateSwizzler (~> 6.0)
    - GoogleUtilities/MethodSwizzler (~> 6.0)
    - GoogleUtilities/Network (~> 6.0)
    - "GoogleUtilities/NSData+zlib (~> 6.0)"
    - nanopb (~> 1.30905.0)
  - GoogleDataTransport (7.2.0):
    - nanopb (~> 1.30905.0)
  - GoogleToolboxForMac/DebugUtils (2.3.1):
    - GoogleToolboxForMac/Defines (= 2.3.1)
  - GoogleToolboxForMac/Defines (2.3.1)
  - GoogleToolboxForMac/Logger (2.3.1):
    - GoogleToolboxForMac/Defines (= 2.3.1)
  - "GoogleToolboxForMac/NSData+zlib (2.3.1)":
    - GoogleToolboxForMac/Defines (= 2.3.1)
  - "GoogleToolboxForMac/NSDictionary+URLArguments (2.3.1)":
    - GoogleToolboxForMac/DebugUtils (= 2.3.1)
    - GoogleToolboxForMac/Defines (= 2.3.1)
    - "GoogleToolboxForMac/NSString+URLArguments (= 2.3.1)"
  - "GoogleToolboxForMac/NSString+URLArguments (2.3.1)"
  - GoogleUtilities/AppDelegateSwizzler (6.7.2):
    - GoogleUtilities/Environment
    - GoogleUtilities/Logger
    - GoogleUtilities/Network
  - GoogleUtilities/Environment (6.7.2):
    - PromisesObjC (~> 1.2)
  - GoogleUtilities/ISASwizzler (6.7.2)
  - GoogleUtilities/Logger (6.7.2):
    - GoogleUtilities/Environment
  - GoogleUtilities/MethodSwizzler (6.7.2):
    - GoogleUtilities/Logger
  - GoogleUtilities/Network (6.7.2):
    - GoogleUtilities/Logger
    - "GoogleUtilities/NSData+zlib"
    - GoogleUtilities/Reachability
  - "GoogleUtilities/NSData+zlib (6.7.2)"
  - GoogleUtilities/Reachability (6.7.2):
    - GoogleUtilities/Logger
  - GoogleUtilities/UserDefaults (6.7.2):
    - GoogleUtilities/Logger
  - GTMSessionFetcher (1.5.0):
    - GTMSessionFetcher/Full (= 1.5.0)
  - GTMSessionFetcher/Core (1.5.0)
  - GTMSessionFetcher/Full (1.5.0):
    - GTMSessionFetcher/Core (= 1.5.0)
  - jail-monkey (2.3.4):
    - React-Core
  - libevent (2.1.12)
  - lottie-ios (3.1.9)
  - lottie-react-native (4.0.2):
    - lottie-ios (~> 3.1.8)
    - React-Core
  - nanopb (1.30905.0):
    - nanopb/decode (= 1.30905.0)
    - nanopb/encode (= 1.30905.0)
  - nanopb/decode (1.30905.0)
  - nanopb/encode (1.30905.0)
  - OpenSSL-Universal (1.1.180)
  - Permission-Camera (2.2.2):
    - RNPermissions
  - Permission-Contacts (2.2.2):
    - RNPermissions
  - Permission-FaceID (2.2.2):
    - RNPermissions
  - Permission-LocationAlways (2.2.2):
    - RNPermissions
  - Permission-LocationWhenInUse (2.2.2):
    - RNPermissions
  - Permission-MediaLibrary (2.2.2):
    - RNPermissions
  - Permission-Notifications (2.2.2):
    - RNPermissions
  - Permission-PhotoLibrary (2.2.2):
    - RNPermissions
  - PromisesObjC (1.2.12)
  - Protobuf (3.17.0)
  - RCTRequired (0.63.3)
  - RCTSelectContact (1.5.0):
    - RCTSelectContact/Core (= 1.5.0)
    - React
  - RCTSelectContact/Core (1.5.0):
    - React
  - RCTSystemSetting (1.7.6):
    - React
  - RCTTypeSafety (0.63.3):
    - FBLazyVector (= 0.63.3)
    - Folly (= 2020.01.13.00)
    - RCTRequired (= 0.63.3)
    - React-Core (= 0.63.3)
  - React (0.63.3):
    - React-Core (= 0.63.3)
    - React-Core/DevSupport (= 0.63.3)
    - React-Core/RCTWebSocket (= 0.63.3)
    - React-RCTActionSheet (= 0.63.3)
    - React-RCTAnimation (= 0.63.3)
    - React-RCTBlob (= 0.63.3)
    - React-RCTImage (= 0.63.3)
    - React-RCTLinking (= 0.63.3)
    - React-RCTNetwork (= 0.63.3)
    - React-RCTSettings (= 0.63.3)
    - React-RCTText (= 0.63.3)
    - React-RCTVibration (= 0.63.3)
  - React-callinvoker (0.63.3)
  - React-Core (0.63.3):
    - Folly (= 2020.01.13.00)
    - glog
    - React-Core/Default (= 0.63.3)
    - React-cxxreact (= 0.63.3)
    - React-jsi (= 0.63.3)
    - React-jsiexecutor (= 0.63.3)
    - Yoga
  - React-Core/CoreModulesHeaders (0.63.3):
    - Folly (= 2020.01.13.00)
    - glog
    - React-Core/Default
    - React-cxxreact (= 0.63.3)
    - React-jsi (= 0.63.3)
    - React-jsiexecutor (= 0.63.3)
    - Yoga
  - React-Core/Default (0.63.3):
    - Folly (= 2020.01.13.00)
    - glog
    - React-cxxreact (= 0.63.3)
    - React-jsi (= 0.63.3)
    - React-jsiexecutor (= 0.63.3)
    - Yoga
  - React-Core/DevSupport (0.63.3):
    - Folly (= 2020.01.13.00)
    - glog
    - React-Core/Default (= 0.63.3)
    - React-Core/RCTWebSocket (= 0.63.3)
    - React-cxxreact (= 0.63.3)
    - React-jsi (= 0.63.3)
    - React-jsiexecutor (= 0.63.3)
    - React-jsinspector (= 0.63.3)
    - Yoga
  - React-Core/RCTActionSheetHeaders (0.63.3):
    - Folly (= 2020.01.13.00)
    - glog
    - React-Core/Default
    - React-cxxreact (= 0.63.3)
    - React-jsi (= 0.63.3)
    - React-jsiexecutor (= 0.63.3)
    - Yoga
  - React-Core/RCTAnimationHeaders (0.63.3):
    - Folly (= 2020.01.13.00)
    - glog
    - React-Core/Default
    - React-cxxreact (= 0.63.3)
    - React-jsi (= 0.63.3)
    - React-jsiexecutor (= 0.63.3)
    - Yoga
  - React-Core/RCTBlobHeaders (0.63.3):
    - Folly (= 2020.01.13.00)
    - glog
    - React-Core/Default
    - React-cxxreact (= 0.63.3)
    - React-jsi (= 0.63.3)
    - React-jsiexecutor (= 0.63.3)
    - Yoga
  - React-Core/RCTImageHeaders (0.63.3):
    - Folly (= 2020.01.13.00)
    - glog
    - React-Core/Default
    - React-cxxreact (= 0.63.3)
    - React-jsi (= 0.63.3)
    - React-jsiexecutor (= 0.63.3)
    - Yoga
  - React-Core/RCTLinkingHeaders (0.63.3):
    - Folly (= 2020.01.13.00)
    - glog
    - React-Core/Default
    - React-cxxreact (= 0.63.3)
    - React-jsi (= 0.63.3)
    - React-jsiexecutor (= 0.63.3)
    - Yoga
  - React-Core/RCTNetworkHeaders (0.63.3):
    - Folly (= 2020.01.13.00)
    - glog
    - React-Core/Default
    - React-cxxreact (= 0.63.3)
    - React-jsi (= 0.63.3)
    - React-jsiexecutor (= 0.63.3)
    - Yoga
  - React-Core/RCTSettingsHeaders (0.63.3):
    - Folly (= 2020.01.13.00)
    - glog
    - React-Core/Default
    - React-cxxreact (= 0.63.3)
    - React-jsi (= 0.63.3)
    - React-jsiexecutor (= 0.63.3)
    - Yoga
  - React-Core/RCTTextHeaders (0.63.3):
    - Folly (= 2020.01.13.00)
    - glog
    - React-Core/Default
    - React-cxxreact (= 0.63.3)
    - React-jsi (= 0.63.3)
    - React-jsiexecutor (= 0.63.3)
    - Yoga
  - React-Core/RCTVibrationHeaders (0.63.3):
    - Folly (= 2020.01.13.00)
    - glog
    - React-Core/Default
    - React-cxxreact (= 0.63.3)
    - React-jsi (= 0.63.3)
    - React-jsiexecutor (= 0.63.3)
    - Yoga
  - React-Core/RCTWebSocket (0.63.3):
    - Folly (= 2020.01.13.00)
    - glog
    - React-Core/Default (= 0.63.3)
    - React-cxxreact (= 0.63.3)
    - React-jsi (= 0.63.3)
    - React-jsiexecutor (= 0.63.3)
    - Yoga
  - React-CoreModules (0.63.3):
    - FBReactNativeSpec (= 0.63.3)
    - Folly (= 2020.01.13.00)
    - RCTTypeSafety (= 0.63.3)
    - React-Core/CoreModulesHeaders (= 0.63.3)
    - React-jsi (= 0.63.3)
    - React-RCTImage (= 0.63.3)
    - ReactCommon/turbomodule/core (= 0.63.3)
  - React-cxxreact (0.63.3):
    - boost-for-react-native (= 1.63.0)
    - DoubleConversion
    - Folly (= 2020.01.13.00)
    - glog
    - React-callinvoker (= 0.63.3)
    - React-jsinspector (= 0.63.3)
  - React-jsi (0.63.3):
    - boost-for-react-native (= 1.63.0)
    - DoubleConversion
    - Folly (= 2020.01.13.00)
    - glog
    - React-jsi/Default (= 0.63.3)
  - React-jsi/Default (0.63.3):
    - boost-for-react-native (= 1.63.0)
    - DoubleConversion
    - Folly (= 2020.01.13.00)
    - glog
  - React-jsiexecutor (0.63.3):
    - DoubleConversion
    - Folly (= 2020.01.13.00)
    - glog
    - React-cxxreact (= 0.63.3)
    - React-jsi (= 0.63.3)
  - React-jsinspector (0.63.3)
  - react-native-background-timer (2.4.1):
    - React-Core
  - react-native-biometrics (2.1.4):
    - React
  - react-native-blur (0.8.0):
    - React
  - react-native-camera (3.43.6):
    - React-Core
    - react-native-camera/RCT (= 3.43.6)
    - react-native-camera/RN (= 3.43.6)
  - react-native-camera/RCT (3.43.6):
    - React-Core
  - react-native-camera/RN (3.43.6):
    - React-Core
  - react-native-cameraroll (4.0.4):
    - React-Core
  - react-native-config (1.4.2):
    - react-native-config/App (= 1.4.2)
  - react-native-config/App (1.4.2):
    - React-Core
  - react-native-contacts (5.2.8):
    - React-Core
  - react-native-ekyc (1.0.0):
    - React-Core
    - SSZipArchive
  - react-native-fbsdk (3.0.0):
    - React
    - react-native-fbsdk/Core (= 3.0.0)
    - react-native-fbsdk/Login (= 3.0.0)
    - react-native-fbsdk/Share (= 3.0.0)
  - react-native-fbsdk/Core (3.0.0):
    - FBSDKCoreKit (~> 8.1)
    - React
  - react-native-fbsdk/Login (3.0.0):
    - FBSDKLoginKit (~> 8.1)
    - React
  - react-native-fbsdk/Share (3.0.0):
    - FBSDKShareKit (~> 8.1)
    - React
  - react-native-flipper (0.75.1):
    - React-Core
  - react-native-geocoder (0.5.0):
    - React
  - react-native-geolocation-service (5.2.0):
    - React
  - react-native-haptic (1.0.1):
    - React
  - react-native-html-to-pdf (0.8.0):
    - React
  - react-native-image-base64 (0.1.4):
    - React
  - react-native-libsodium-sdk (1.0.0):
    - React-Core
  - react-native-netinfo (5.9.10):
    - React-Core
  - react-native-rsa-sdk (1.0.0):
    - React-Core
  - react-native-safe-area-context (3.2.0):
    - React-Core
  - react-native-view-shot (3.1.2):
    - React
  - react-native-webview (10.10.2):
    - React-Core
  - React-RCTActionSheet (0.63.3):
    - React-Core/RCTActionSheetHeaders (= 0.63.3)
  - React-RCTAnimation (0.63.3):
    - FBReactNativeSpec (= 0.63.3)
    - Folly (= 2020.01.13.00)
    - RCTTypeSafety (= 0.63.3)
    - React-Core/RCTAnimationHeaders (= 0.63.3)
    - React-jsi (= 0.63.3)
    - ReactCommon/turbomodule/core (= 0.63.3)
  - React-RCTBlob (0.63.3):
    - FBReactNativeSpec (= 0.63.3)
    - Folly (= 2020.01.13.00)
    - React-Core/RCTBlobHeaders (= 0.63.3)
    - React-Core/RCTWebSocket (= 0.63.3)
    - React-jsi (= 0.63.3)
    - React-RCTNetwork (= 0.63.3)
    - ReactCommon/turbomodule/core (= 0.63.3)
  - React-RCTImage (0.63.3):
    - FBReactNativeSpec (= 0.63.3)
    - Folly (= 2020.01.13.00)
    - RCTTypeSafety (= 0.63.3)
    - React-Core/RCTImageHeaders (= 0.63.3)
    - React-jsi (= 0.63.3)
    - React-RCTNetwork (= 0.63.3)
    - ReactCommon/turbomodule/core (= 0.63.3)
  - React-RCTLinking (0.63.3):
    - FBReactNativeSpec (= 0.63.3)
    - React-Core/RCTLinkingHeaders (= 0.63.3)
    - React-jsi (= 0.63.3)
    - ReactCommon/turbomodule/core (= 0.63.3)
  - React-RCTNetwork (0.63.3):
    - FBReactNativeSpec (= 0.63.3)
    - Folly (= 2020.01.13.00)
    - RCTTypeSafety (= 0.63.3)
    - React-Core/RCTNetworkHeaders (= 0.63.3)
    - React-jsi (= 0.63.3)
    - ReactCommon/turbomodule/core (= 0.63.3)
  - React-RCTSettings (0.63.3):
    - FBReactNativeSpec (= 0.63.3)
    - Folly (= 2020.01.13.00)
    - RCTTypeSafety (= 0.63.3)
    - React-Core/RCTSettingsHeaders (= 0.63.3)
    - React-jsi (= 0.63.3)
    - ReactCommon/turbomodule/core (= 0.63.3)
  - React-RCTText (0.63.3):
    - React-Core/RCTTextHeaders (= 0.63.3)
  - React-RCTVibration (0.63.3):
    - FBReactNativeSpec (= 0.63.3)
    - Folly (= 2020.01.13.00)
    - React-Core/RCTVibrationHeaders (= 0.63.3)
    - React-jsi (= 0.63.3)
    - ReactCommon/turbomodule/core (= 0.63.3)
  - ReactCommon/turbomodule/core (0.63.3):
    - DoubleConversion
    - Folly (= 2020.01.13.00)
    - glog
    - React-callinvoker (= 0.63.3)
    - React-Core (= 0.63.3)
    - React-cxxreact (= 0.63.3)
    - React-jsi (= 0.63.3)
  - ReactNativeART (1.2.0):
    - React
  - rn-fetch-blob (0.12.0):
    - React-Core
  - RNBootSplash (2.2.8):
    - React-Core
  - RNCAsyncStorage (1.12.1):
    - React-Core
  - RNCClipboard (1.5.1):
    - React-Core
  - RNCMaskedView (0.1.11):
    - React
  - RNDeviceInfo (6.2.1):
    - React-Core
  - RNExitApp (1.1.0):
    - React
  - RNFirebase (5.6.0):
    - Firebase/Core
    - React
    - RNFirebase/Crashlytics (= 5.6.0)
  - RNFirebase/Crashlytics (5.6.0):
    - Crashlytics
    - Fabric
    - Firebase/Core
    - React
  - RNFS (2.17.0):
    - React
  - RNGestureHandler (1.10.3):
    - React-Core
  - RNImageCropPicker (0.35.3):
    - React-Core
    - React-RCTImage
    - RNImageCropPicker/QBImagePickerController (= 0.35.3)
    - TOCropViewController
  - RNImageCropPicker/QBImagePickerController (0.35.3):
    - React-Core
    - React-RCTImage
    - TOCropViewController
  - RNPDF (0.11.0):
    - React
  - RNPermissions (2.2.2):
    - React-Core
  - RNQrGenerator (1.1.6):
    - React
  - RNReanimated (1.13.3):
    - React-Core
  - RNScreens (2.18.1):
    - React-Core
  - RNSecureStorage (0.1.2):
    - React
  - RNSentry (2.6.0):
    - React-Core
    - Sentry (= 7.0.0)
  - RNShare (4.1.2):
    - React-Core
  - RNSoundPlayer (0.10.9):
    - React
  - RNSVG (12.1.1):
    - React
  - Sentry (7.0.0):
    - Sentry/Core (= 7.0.0)
  - Sentry/Core (7.0.0)
  - SSZipArchive (2.4.2)
  - TensorFlowLiteC (2.0.0)
  - TensorFlowLiteObjC (2.0.0):
    - TensorFlowLiteC (= 2.0.0)
  - TOCropViewController (2.6.0)
  - Yoga (1.14.0)
  - YogaKit (1.18.1):
    - Yoga (~> 1.14)

DEPENDENCIES:
  - "BugsnagReactNative (from `../node_modules/@bugsnag/react-native`)"
  - BVLinearGradient (from `../node_modules/react-native-linear-gradient`)
  - Crashlytics
  - DoubleConversion (from `../node_modules/react-native/third-party-podspecs/DoubleConversion.podspec`)
  - Fabric
  - FBLazyVector (from `../node_modules/react-native/Libraries/FBLazyVector`)
  - FBReactNativeSpec (from `../node_modules/react-native/Libraries/FBReactNativeSpec`)
  - Firebase/Analytics (~> 6.28.0)
  - Firebase/Core (~> 6.28.0)
  - Firebase/DynamicLinks (~> 6.28.0)
  - Firebase/Messaging (~> 6.28.0)
  - Firebase/MLVision (~> 6.28.0)
  - Firebase/MLVisionFaceModel (~> 6.28.0)
  - Firebase/MLVisionTextModel
  - Firebase/Performance (~> 6.28.0)
  - Flipper (= 0.91.1)
  - Flipper-DoubleConversion (= 1.1.7)
  - Flipper-Folly (~> 2.2)
  - Flipper-Glog (= 0.3.6)
  - Flipper-PeerTalk (~> 0.0.4)
  - Flipper-RSocket (~> 1.1)
  - FlipperKit (= 0.91.1)
  - FlipperKit/Core (= 0.91.1)
  - FlipperKit/CppBridge (= 0.91.1)
  - FlipperKit/FBCxxFollyDynamicConvert (= 0.91.1)
  - FlipperKit/FBDefines (= 0.91.1)
  - FlipperKit/FKPortForwarding (= 0.91.1)
  - FlipperKit/FlipperKitHighlightOverlay (= 0.91.1)
  - FlipperKit/FlipperKitLayoutPlugin (= 0.91.1)
  - FlipperKit/FlipperKitLayoutTextSearchable (= 0.91.1)
  - FlipperKit/FlipperKitNetworkPlugin (= 0.91.1)
  - FlipperKit/FlipperKitReactPlugin (= 0.91.1)
  - FlipperKit/FlipperKitUserDefaultsPlugin (= 0.91.1)
  - FlipperKit/SKIOSNetworkPlugin (= 0.91.1)
  - Folly (from `../node_modules/react-native/third-party-podspecs/Folly.podspec`)
  - glog (from `../node_modules/react-native/third-party-podspecs/glog.podspec`)
  - jail-monkey (from `../node_modules/jail-monkey`)
  - lottie-react-native (from `../node_modules/lottie-react-native`)
  - Permission-Camera (from `../node_modules/react-native-permissions/ios/Camera.podspec`)
  - Permission-Contacts (from `../node_modules/react-native-permissions/ios/Contacts.podspec`)
  - Permission-FaceID (from `../node_modules/react-native-permissions/ios/FaceID.podspec`)
  - Permission-LocationAlways (from `../node_modules/react-native-permissions/ios/LocationAlways.podspec`)
  - Permission-LocationWhenInUse (from `../node_modules/react-native-permissions/ios/LocationWhenInUse.podspec`)
  - Permission-MediaLibrary (from `../node_modules/react-native-permissions/ios/MediaLibrary.podspec`)
  - Permission-Notifications (from `../node_modules/react-native-permissions/ios/Notifications.podspec`)
  - Permission-PhotoLibrary (from `../node_modules/react-native-permissions/ios/PhotoLibrary.podspec`)
  - RCTRequired (from `../node_modules/react-native/Libraries/RCTRequired`)
  - RCTSelectContact (from `../node_modules/react-native-select-contact`)
  - RCTSystemSetting (from `../node_modules/react-native-system-setting`)
  - RCTTypeSafety (from `../node_modules/react-native/Libraries/TypeSafety`)
  - React (from `../node_modules/react-native/`)
  - React-callinvoker (from `../node_modules/react-native/ReactCommon/callinvoker`)
  - React-Core (from `../node_modules/react-native/`)
  - React-Core/DevSupport (from `../node_modules/react-native/`)
  - React-Core/RCTWebSocket (from `../node_modules/react-native/`)
  - React-CoreModules (from `../node_modules/react-native/React/CoreModules`)
  - React-cxxreact (from `../node_modules/react-native/ReactCommon/cxxreact`)
  - React-jsi (from `../node_modules/react-native/ReactCommon/jsi`)
  - React-jsiexecutor (from `../node_modules/react-native/ReactCommon/jsiexecutor`)
  - React-jsinspector (from `../node_modules/react-native/ReactCommon/jsinspector`)
  - react-native-background-timer (from `../node_modules/react-native-background-timer`)
  - react-native-biometrics (from `../node_modules/react-native-biometrics`)
  - "react-native-blur (from `../node_modules/@react-native-community/blur`)"
  - react-native-camera (from `../node_modules/react-native-camera`)
  - "react-native-cameraroll (from `../node_modules/@react-native-community/cameraroll`)"
  - react-native-config (from `../node_modules/react-native-config`)
  - react-native-contacts (from `../node_modules/react-native-contacts`)
  - react-native-ekyc (from `../natives/react-native-ekyc`)
  - react-native-fbsdk (from `../node_modules/react-native-fbsdk`)
  - react-native-flipper (from `../node_modules/react-native-flipper`)
  - react-native-geocoder (from `../node_modules/react-native-geocoder`)
  - react-native-geolocation-service (from `../node_modules/react-native-geolocation-service`)
  - react-native-haptic (from `../node_modules/react-native-haptic`)
  - react-native-html-to-pdf (from `../node_modules/react-native-html-to-pdf`)
  - react-native-image-base64 (from `../node_modules/react-native-image-base64`)
  - react-native-libsodium-sdk (from `../natives/react-native-libsodium-sdk`)
  - "react-native-netinfo (from `../node_modules/@react-native-community/netinfo`)"
  - react-native-rsa-sdk (from `../natives/react-native-rsa-sdk`)
  - react-native-safe-area-context (from `../node_modules/react-native-safe-area-context`)
  - react-native-view-shot (from `../node_modules/react-native-view-shot`)
  - react-native-webview (from `../node_modules/react-native-webview`)
  - React-RCTActionSheet (from `../node_modules/react-native/Libraries/ActionSheetIOS`)
  - React-RCTAnimation (from `../node_modules/react-native/Libraries/NativeAnimation`)
  - React-RCTBlob (from `../node_modules/react-native/Libraries/Blob`)
  - React-RCTImage (from `../node_modules/react-native/Libraries/Image`)
  - React-RCTLinking (from `../node_modules/react-native/Libraries/LinkingIOS`)
  - React-RCTNetwork (from `../node_modules/react-native/Libraries/Network`)
  - React-RCTSettings (from `../node_modules/react-native/Libraries/Settings`)
  - React-RCTText (from `../node_modules/react-native/Libraries/Text`)
  - React-RCTVibration (from `../node_modules/react-native/Libraries/Vibration`)
  - ReactCommon/turbomodule/core (from `../node_modules/react-native/ReactCommon`)
  - "ReactNativeART (from `../node_modules/@react-native-community/art`)"
  - rn-fetch-blob (from `../node_modules/rn-fetch-blob`)
  - RNBootSplash (from `../node_modules/react-native-bootsplash`)
  - "RNCAsyncStorage (from `../node_modules/@react-native-community/async-storage`)"
  - "RNCClipboard (from `../node_modules/@react-native-community/clipboard`)"
  - "RNCMaskedView (from `../node_modules/@react-native-community/masked-view`)"
  - RNDeviceInfo (from `../node_modules/react-native-device-info`)
  - RNExitApp (from `../node_modules/react-native-exit-app`)
  - RNFirebase (from `../node_modules/react-native-firebase/ios`)
  - RNFS (from `../node_modules/react-native-fs`)
  - RNGestureHandler (from `../node_modules/react-native-gesture-handler`)
  - RNImageCropPicker (from `../node_modules/react-native-image-crop-picker`)
  - RNPDF (from `../node_modules/react-native-view-pdf`)
  - RNPermissions (from `../node_modules/react-native-permissions`)
  - RNQrGenerator (from `../node_modules/rn-qr-generator`)
  - RNReanimated (from `../node_modules/react-native-reanimated`)
  - RNScreens (from `../node_modules/react-native-screens`)
  - RNSecureStorage (from `../node_modules/react-native-secure-storage`)
  - "RNSentry (from `../node_modules/@sentry/react-native`)"
  - RNShare (from `../node_modules/react-native-share`)
  - RNSoundPlayer (from `../node_modules/react-native-sound-player`)
  - RNSVG (from `../node_modules/react-native-svg`)
  - TensorFlowLiteObjC (~> 2.0.0)
  - Yoga (from `../node_modules/react-native/ReactCommon/yoga`)

SPEC REPOS:
  trunk:
    - boost-for-react-native
    - CocoaAsyncSocket
    - Crashlytics
    - Fabric
    - FBSDKCoreKit
    - FBSDKLoginKit
    - FBSDKShareKit
    - Firebase
    - FirebaseABTesting
    - FirebaseAnalytics
    - FirebaseCore
    - FirebaseCoreDiagnostics
    - FirebaseDynamicLinks
    - FirebaseInstallations
    - FirebaseInstanceID
    - FirebaseMessaging
    - FirebaseMLCommon
    - FirebaseMLVision
    - FirebaseMLVisionFaceModel
    - FirebaseMLVisionTextModel
    - FirebasePerformance
    - FirebaseRemoteConfig
    - Flipper
    - Flipper-Boost-iOSX
    - Flipper-DoubleConversion
    - Flipper-Fmt
    - Flipper-Folly
    - Flipper-Glog
    - Flipper-PeerTalk
    - Flipper-RSocket
    - FlipperKit
    - GoogleAPIClientForREST
    - GoogleAppMeasurement
    - GoogleDataTransport
    - GoogleToolboxForMac
    - GoogleUtilities
    - GTMSessionFetcher
    - libevent
    - lottie-ios
    - nanopb
    - OpenSSL-Universal
    - PromisesObjC
    - Protobuf
    - Sentry
    - SSZipArchive
    - TensorFlowLiteC
    - TensorFlowLiteObjC
    - TOCropViewController
    - YogaKit

EXTERNAL SOURCES:
  BugsnagReactNative:
    :path: "../node_modules/@bugsnag/react-native"
  BVLinearGradient:
    :path: "../node_modules/react-native-linear-gradient"
  DoubleConversion:
    :podspec: "../node_modules/react-native/third-party-podspecs/DoubleConversion.podspec"
  FBLazyVector:
    :path: "../node_modules/react-native/Libraries/FBLazyVector"
  FBReactNativeSpec:
    :path: "../node_modules/react-native/Libraries/FBReactNativeSpec"
  Folly:
    :podspec: "../node_modules/react-native/third-party-podspecs/Folly.podspec"
  glog:
    :podspec: "../node_modules/react-native/third-party-podspecs/glog.podspec"
  jail-monkey:
    :path: "../node_modules/jail-monkey"
  lottie-react-native:
    :path: "../node_modules/lottie-react-native"
  Permission-Camera:
    :path: "../node_modules/react-native-permissions/ios/Camera.podspec"
  Permission-Contacts:
    :path: "../node_modules/react-native-permissions/ios/Contacts.podspec"
  Permission-FaceID:
    :path: "../node_modules/react-native-permissions/ios/FaceID.podspec"
  Permission-LocationAlways:
    :path: "../node_modules/react-native-permissions/ios/LocationAlways.podspec"
  Permission-LocationWhenInUse:
    :path: "../node_modules/react-native-permissions/ios/LocationWhenInUse.podspec"
  Permission-MediaLibrary:
    :path: "../node_modules/react-native-permissions/ios/MediaLibrary.podspec"
  Permission-Notifications:
    :path: "../node_modules/react-native-permissions/ios/Notifications.podspec"
  Permission-PhotoLibrary:
    :path: "../node_modules/react-native-permissions/ios/PhotoLibrary.podspec"
  RCTRequired:
    :path: "../node_modules/react-native/Libraries/RCTRequired"
  RCTSelectContact:
    :path: "../node_modules/react-native-select-contact"
  RCTSystemSetting:
    :path: "../node_modules/react-native-system-setting"
  RCTTypeSafety:
    :path: "../node_modules/react-native/Libraries/TypeSafety"
  React:
    :path: "../node_modules/react-native/"
  React-callinvoker:
    :path: "../node_modules/react-native/ReactCommon/callinvoker"
  React-Core:
    :path: "../node_modules/react-native/"
  React-CoreModules:
    :path: "../node_modules/react-native/React/CoreModules"
  React-cxxreact:
    :path: "../node_modules/react-native/ReactCommon/cxxreact"
  React-jsi:
    :path: "../node_modules/react-native/ReactCommon/jsi"
  React-jsiexecutor:
    :path: "../node_modules/react-native/ReactCommon/jsiexecutor"
  React-jsinspector:
    :path: "../node_modules/react-native/ReactCommon/jsinspector"
  react-native-background-timer:
    :path: "../node_modules/react-native-background-timer"
  react-native-biometrics:
    :path: "../node_modules/react-native-biometrics"
  react-native-blur:
    :path: "../node_modules/@react-native-community/blur"
  react-native-camera:
    :path: "../node_modules/react-native-camera"
  react-native-cameraroll:
    :path: "../node_modules/@react-native-community/cameraroll"
  react-native-config:
    :path: "../node_modules/react-native-config"
  react-native-contacts:
    :path: "../node_modules/react-native-contacts"
  react-native-ekyc:
    :path: "../natives/react-native-ekyc"
  react-native-fbsdk:
    :path: "../node_modules/react-native-fbsdk"
  react-native-flipper:
    :path: "../node_modules/react-native-flipper"
  react-native-geocoder:
    :path: "../node_modules/react-native-geocoder"
  react-native-geolocation-service:
    :path: "../node_modules/react-native-geolocation-service"
  react-native-haptic:
    :path: "../node_modules/react-native-haptic"
  react-native-html-to-pdf:
    :path: "../node_modules/react-native-html-to-pdf"
  react-native-image-base64:
    :path: "../node_modules/react-native-image-base64"
  react-native-libsodium-sdk:
    :path: "../natives/react-native-libsodium-sdk"
  react-native-netinfo:
    :path: "../node_modules/@react-native-community/netinfo"
  react-native-rsa-sdk:
    :path: "../natives/react-native-rsa-sdk"
  react-native-safe-area-context:
    :path: "../node_modules/react-native-safe-area-context"
  react-native-view-shot:
    :path: "../node_modules/react-native-view-shot"
  react-native-webview:
    :path: "../node_modules/react-native-webview"
  React-RCTActionSheet:
    :path: "../node_modules/react-native/Libraries/ActionSheetIOS"
  React-RCTAnimation:
    :path: "../node_modules/react-native/Libraries/NativeAnimation"
  React-RCTBlob:
    :path: "../node_modules/react-native/Libraries/Blob"
  React-RCTImage:
    :path: "../node_modules/react-native/Libraries/Image"
  React-RCTLinking:
    :path: "../node_modules/react-native/Libraries/LinkingIOS"
  React-RCTNetwork:
    :path: "../node_modules/react-native/Libraries/Network"
  React-RCTSettings:
    :path: "../node_modules/react-native/Libraries/Settings"
  React-RCTText:
    :path: "../node_modules/react-native/Libraries/Text"
  React-RCTVibration:
    :path: "../node_modules/react-native/Libraries/Vibration"
  ReactCommon:
    :path: "../node_modules/react-native/ReactCommon"
  ReactNativeART:
    :path: "../node_modules/@react-native-community/art"
  rn-fetch-blob:
    :path: "../node_modules/rn-fetch-blob"
  RNBootSplash:
    :path: "../node_modules/react-native-bootsplash"
  RNCAsyncStorage:
    :path: "../node_modules/@react-native-community/async-storage"
  RNCClipboard:
    :path: "../node_modules/@react-native-community/clipboard"
  RNCMaskedView:
    :path: "../node_modules/@react-native-community/masked-view"
  RNDeviceInfo:
    :path: "../node_modules/react-native-device-info"
  RNExitApp:
    :path: "../node_modules/react-native-exit-app"
  RNFirebase:
    :path: "../node_modules/react-native-firebase/ios"
  RNFS:
    :path: "../node_modules/react-native-fs"
  RNGestureHandler:
    :path: "../node_modules/react-native-gesture-handler"
  RNImageCropPicker:
    :path: "../node_modules/react-native-image-crop-picker"
  RNPDF:
    :path: "../node_modules/react-native-view-pdf"
  RNPermissions:
    :path: "../node_modules/react-native-permissions"
  RNQrGenerator:
    :path: "../node_modules/rn-qr-generator"
  RNReanimated:
    :path: "../node_modules/react-native-reanimated"
  RNScreens:
    :path: "../node_modules/react-native-screens"
  RNSecureStorage:
    :path: "../node_modules/react-native-secure-storage"
  RNSentry:
    :path: "../node_modules/@sentry/react-native"
  RNShare:
    :path: "../node_modules/react-native-share"
  RNSoundPlayer:
    :path: "../node_modules/react-native-sound-player"
  RNSVG:
    :path: "../node_modules/react-native-svg"
  Yoga:
    :path: "../node_modules/react-native/ReactCommon/yoga"

SPEC CHECKSUMS:
  boost-for-react-native: 39c7adb57c4e60d6c5479dd8623128eb5b3f0f2c
  BugsnagReactNative: daf923d7a642baa3d7f8556c24810c6dde7055ad
  BVLinearGradient: e3aad03778a456d77928f594a649e96995f1c872
  CocoaAsyncSocket: 065fd1e645c7abab64f7a6a2007a48038fdc6a99
  Crashlytics: 9220f5bc89e7a618df411b4f639389dbfb0e03d2
  DoubleConversion: cde416483dac037923206447da6e1454df403714
  Fabric: ea977e3cd9c20425516d3dafd3bf8c941c51223f
  FBLazyVector: 878b59e31113e289e275165efbe4b54fa614d43d
  FBReactNativeSpec: 7da9338acfb98d4ef9e5536805a0704572d33c2f
  FBSDKCoreKit: 4afd6ff53d8133a433dbcda44451c9498f8c6ce4
  FBSDKLoginKit: 7181765f2524d7ebf82d9629066c8e6caafc99d0
  FBSDKShareKit: 0c0d51b3af47075a85ed9bea0e28b2fc70e3594b
  Firebase: ed042590caa0029392257529a8003c25ee82bc18
  FirebaseABTesting: 9e368b88c2f1c5d7a433828d9d224779b53207b6
  FirebaseAnalytics: 5fa308e1b13f838d0f6dc74719ac2a72e8c5afc4
  FirebaseCore: 687b8e6a0a4337b898a6326d68254c2f80c143af
  FirebaseCoreDiagnostics: 7535fe695737f8c5b350584292a70b7f8ff0357b
  FirebaseDynamicLinks: cf3cfedfd47ce6ea56fa66a5c940ea0ca9c60950
  FirebaseInstallations: 3c520c951305cbf9ca54eb891ff9e6d1fd384881
  FirebaseInstanceID: c4ad474b87787afd27d09541800620993b457d6f
  FirebaseMessaging: 942cfe05b4f53c95ab8959395ca35c200398b2f0
  FirebaseMLCommon: f42d067ca7fed962e09f02ba94a24e06ee50d933
  FirebaseMLVision: fd7cdd33d067c976c16fd521e7e92c26c980c947
  FirebaseMLVisionFaceModel: a67b2bf9b8407127a0bdb0ba98eb265637d1dc9d
  FirebaseMLVisionTextModel: e9f3cba0f31022ae9dd3d246aff9849075cacd98
  FirebasePerformance: 9cb28cff0fbfcde01eac95d35fa8c001970e8849
  FirebaseRemoteConfig: 521ff38593bed36fcb6f466fb6fffa99a753d783
  Flipper: 0f8a5accb30d2ec9c3e85e820ce00c3b72a486f3
  Flipper-Boost-iOSX: fd1e2b8cbef7e662a122412d7ac5f5bea715403c
  Flipper-DoubleConversion: 38631e41ef4f9b12861c67d17cb5518d06badc41
  Flipper-Fmt: 60cbdd92fc254826e61d669a5d87ef7015396a9b
  Flipper-Folly: 83af37379faa69497529e414bd43fbfc7cae259a
  Flipper-Glog: 1dfd6abf1e922806c52ceb8701a3599a79a200a6
  Flipper-PeerTalk: 116d8f857dc6ef55c7a5a75ea3ceaafe878aadc9
  Flipper-RSocket: d9d9ade67cbecf6ac10730304bf5607266dd2541
  FlipperKit: 4bce4a1dc0b2178ad9cbb2a2c9ca0b5e5c0ecfdc
  Folly: b73c3869541e86821df3c387eb0af5f65addfab4
  glog: 40a13f7840415b9a77023fbcae0f1e6f43192af3
  GoogleAPIClientForREST: 538a8ad0014fd88b78894e77100775a6b0a4f7ed
  GoogleAppMeasurement: 8cd1f289d60e629cf16ab03363b9e89c776b9651
  GoogleDataTransport: 672fb0ce96fe7f7f31d43672fca62ad2c9c86f7b
  GoogleToolboxForMac: 471e0c05d39506e50e6398f46fa9a12ae0efeff9
  GoogleUtilities: 7f2f5a07f888cdb145101d6042bc4422f57e70b3
  GTMSessionFetcher: b3503b20a988c4e20cc189aa798fd18220133f52
  jail-monkey: 0b62fb896246639f4203ea90358e08db91b7f5ea
  libevent: 4049cae6c81cdb3654a443be001fb9bdceff7913
  lottie-ios: 3a3758ef5a008e762faec9c9d50a39842f26d124
  lottie-react-native: 4dff8fe8d10ddef9e7880e770080f4a56121397e
  nanopb: c43f40fadfe79e8b8db116583945847910cbabc9
  OpenSSL-Universal: 1aa4f6a6ee7256b83db99ec1ccdaa80d10f9af9b
  Permission-Camera: 5d2aaf95592660b6dcb5e8d1d90ed5d0156cad02
  Permission-Contacts: 295b2f26e7607801e73b0fd35a56ec63cfd52dc4
  Permission-FaceID: 8f034a57c60ed8c602d184f485a9bd524c0f98b7
  Permission-LocationAlways: 700dfb730b07b24a84f8c173b93ad816d71d3dc8
  Permission-LocationWhenInUse: 871e81c06c1fc578353fce962d5d8e6efa697f1a
  Permission-MediaLibrary: e94e0a30ec5edc18b14e9df10fc78d5bb592a8ca
  Permission-Notifications: 9c6b5cc4f0e6599e9fc3395b77cebddc48f1be41
  Permission-PhotoLibrary: 8227a6ed9f6a971537afe63742d54f5f23a38fe2
  PromisesObjC: 3113f7f76903778cf4a0586bd1ab89329a0b7b97
  Protobuf: 7327d4444215b5f18e560a97f879ff5503c4581c
  RCTRequired: 48884c74035a0b5b76dbb7a998bd93bcfc5f2047
  RCTSelectContact: fb14a3e025949285ae80805563833895b7430f64
  RCTSystemSetting: 5107b7350d63b3f7b42a1277d07e4e5d9df879be
  RCTTypeSafety: edf4b618033c2f1c5b7bc3d90d8e085ed95ba2ab
  React: f36e90f3ceb976546e97df3403e37d226f79d0e3
  React-callinvoker: 18874f621eb96625df7a24a7dc8d6e07391affcd
  React-Core: ac3d816b8e3493970153f4aaf0cff18af0bb95e6
  React-CoreModules: 4016d3a4e518bcfc4f5a51252b5a05692ca6f0e1
  React-cxxreact: ffc9129013b87cb36cf3f30a86695a3c397b0f99
  React-jsi: df07aa95b39c5be3e41199921509bfa929ed2b9d
  React-jsiexecutor: b56c03e61c0dd5f5801255f2160a815f4a53d451
  React-jsinspector: 8e68ffbfe23880d3ee9bafa8be2777f60b25cbe2
  react-native-background-timer: 17ea5e06803401a379ebf1f20505b793ac44d0fe
  react-native-biometrics: 9d3306e5d29c3bc4e6a3c912d759a94e76a2f683
  react-native-blur: cad4d93b364f91e7b7931b3fa935455487e5c33c
  react-native-camera: 9e55a09596b8c4e41eb7d4cce7c39826990c3cac
  react-native-cameraroll: 88f4e62d9ecd0e1f253abe4f685474f2ea14bfa2
  react-native-config: c98128a72bc2c3a1ca72caec0b021f0fa944aa29
  react-native-contacts: 7b5e16196278636030c3fbbb9505543984b01697
  react-native-ekyc: ed3f5bb37eea8daa3733e7ff8ece7e90fcf89949
  react-native-fbsdk: 8e92c7a334fd8d9c2b5d8b8fcd7ae2c314161099
  react-native-flipper: 5a93d160659055e1ed0df4baa4ec93de1c30f0cf
  react-native-geocoder: 757427682892bb256f3b3745858cc90eba148a8e
  react-native-geolocation-service: 7c9436da6dfdecd9526c62eac62ea2bc3f0cc8ea
  react-native-haptic: d90a0a661333a22cb2b434c7094a65f27aed773d
  react-native-html-to-pdf: 1d1199917f56a98377d431bce84c2f275e48eb71
  react-native-image-base64: 2ff9ac788639c87a91361ab6652cc95e871b1e54
  react-native-libsodium-sdk: 5c2c1f4014ae3546501012940928b316b0956e3b
  react-native-netinfo: 30fb89fa913c342be82a887b56e96be6d71201dd
  react-native-rsa-sdk: 8db042a27073c6f4ba58fcc5a61b32add0274325
  react-native-safe-area-context: f0906bf8bc9835ac9a9d3f97e8bde2a997d8da79
  react-native-view-shot: 4475fde003fe8a210053d1f98fb9e06c1d834e1c
  react-native-webview: 0aa2cde4ee7e3e1c5fffdf64dbce9c709aa18155
  React-RCTActionSheet: 53ea72699698b0b47a6421cb1c8b4ab215a774aa
  React-RCTAnimation: 1befece0b5183c22ae01b966f5583f42e69a83c2
  React-RCTBlob: 0b284339cbe4b15705a05e2313a51c6d8b51fa40
  React-RCTImage: d1756599ebd4dc2cb19d1682fe67c6b976658387
  React-RCTLinking: 9af0a51c6d6a4dd1674daadafffc6d03033a6d18
  React-RCTNetwork: 332c83929cc5eae0b3bbca4add1d668e1fc18bda
  React-RCTSettings: d6953772cfd55f2c68ad72b7ef29efc7ec49f773
  React-RCTText: 65a6de06a7389098ce24340d1d3556015c38f746
  React-RCTVibration: 8e9fb25724a0805107fc1acc9075e26f814df454
  ReactCommon: 4167844018c9ed375cc01a843e9ee564399e53c3
  ReactNativeART: 78edc68dd4a1e675338cd0cd113319cf3a65f2ab
  rn-fetch-blob: f065bb7ab7fb48dd002629f8bdcb0336602d3cba
  RNBootSplash: 14d30c2e1de7247d334540cb2c2d7f3c2acc6150
  RNCAsyncStorage: b03032fdbdb725bea0bd9e5ec5a7272865ae7398
  RNCClipboard: 41d8d918092ae8e676f18adada19104fa3e68495
  RNCMaskedView: 0e1bc4bfa8365eba5fbbb71e07fbdc0555249489
  RNDeviceInfo: 9b6aba9ffaed69ecb72bd13c7bcb0debf277bc9f
  RNExitApp: c4e052df2568b43bec8a37c7cd61194d4cfee2c3
  RNFirebase: 37daa9a346d070f9f6ee1f3b4aaf4c8e3b1d5d1c
  RNFS: 93d5b5535eb39d98e6b19009faa8fe717f7ea45d
  RNGestureHandler: a479ebd5ed4221a810967000735517df0d2db211
  RNImageCropPicker: 08ba3a2e2f4f8833d606f01906c371e382c4dea9
  RNPDF: b575ff11a65121f346b2851e3da736e7c51c18ab
  RNPermissions: 5df468064df661a4c8c017e2791ce90d7695eea5
  RNQrGenerator: d88c426dc358ceb043296a80f6fe482ccf985bc4
  RNReanimated: 514a11da3a2bcc6c3dfd9de32b38e2b9bf101926
  RNScreens: f7ad633b2e0190b77b6a7aab7f914fad6f198d8d
  RNSecureStorage: 24d433f7673a0daade43689de805933a70641731
  RNSentry: a2b02b326ae4fce91ce7c57d3f7dcf8df4f72269
  RNShare: d22507fa5e80c72f236b5622556cf831de5b1e93
  RNSoundPlayer: e7f72cf262c8de4f1427b5f29cc47aebadd1d872
  RNSVG: 551acb6562324b1d52a4e0758f7ca0ec234e278f
  Sentry: 89d26e036063b9cb9caa59b6951dd2f8277aa13b
  SSZipArchive: e7b4f3d9e780c2acc1764cd88fbf2de28f26e5b2
  TensorFlowLiteC: d22a94f77938edb2dfcb9674937f9548a3fcdb23
  TensorFlowLiteObjC: c33d5e1994bc3784ce5724c84b7261e2cecb9e30
  TOCropViewController: 3105367e808b7d3d886a74ff59bf4804e7d3ab38
  Yoga: 7d13633d129fd179e01b8953d38d47be90db185a
  YogaKit: f782866e155069a2cca2517aafea43200b01fd5a

PODFILE CHECKSUM: 52abc5a3de9445b86811554a1271fe8e38480951

COCOAPODS: 1.10.1
